
Microsoft Visual Studio Solution File, Format Version 12.00
# Visual Studio Version 17
VisualStudioVersion = 17.14.36127.28
MinimumVisualStudioVersion = 10.0.40219.1
Project("{FAE04EC0-301F-11D3-BF4B-00C04F79EFBC}") = "LabWork47", "LabWork47\LabWork47.csproj", "{1691807C-15F3-48EB-A9B7-41ADF5481697}"
EndProject
Project("{FAE04EC0-301F-11D3-BF4B-00C04F79EFBC}") = "Database", "Database\Database.csproj", "{DA970771-F30F-4201-876C-18B67A947444}"
EndProject
Project("{FAE04EC0-301F-11D3-BF4B-00C04F79EFBC}") = "Task3", "Task3\Task3.csproj", "{23346915-85B2-481F-8C9F-F9E5EDCB5C0B}"
EndProject
Global
	GlobalSection(SolutionConfigurationPlatforms) = preSolution
		Debug|Any CPU = Debug|Any CPU
		Release|Any CPU = Release|Any CPU
	EndGlobalSection
	GlobalSection(ProjectConfigurationPlatforms) = postSolution
		{1691807C-15F3-48EB-A9B7-41ADF5481697}.Debug|Any CPU.ActiveCfg = Debug|Any CPU
		{1691807C-15F3-48EB-A9B7-41ADF5481697}.Debug|Any CPU.Build.0 = Debug|Any CPU
		{1691807C-15F3-48EB-A9B7-41ADF5481697}.Release|Any CPU.ActiveCfg = Release|Any CPU
		{1691807C-15F3-48EB-A9B7-41ADF5481697}.Release|Any CPU.Build.0 = Release|Any CPU
		{DA970771-F30F-4201-876C-18B67A947444}.Debug|Any CPU.ActiveCfg = Debug|Any CPU
		{DA970771-F30F-4201-876C-18B67A947444}.Debug|Any CPU.Build.0 = Debug|Any CPU
		{DA970771-F30F-4201-876C-18B67A947444}.Release|Any CPU.ActiveCfg = Release|Any CPU
		{DA970771-F30F-4201-876C-18B67A947444}.Release|Any CPU.Build.0 = Release|Any CPU
		{23346915-85B2-481F-8C9F-F9E5EDCB5C0B}.Debug|Any CPU.ActiveCfg = Debug|Any CPU
		{23346915-85B2-481F-8C9F-F9E5EDCB5C0B}.Debug|Any CPU.Build.0 = Debug|Any CPU
		{23346915-85B2-481F-8C9F-F9E5EDCB5C0B}.Release|Any CPU.ActiveCfg = Release|Any CPU
		{23346915-85B2-481F-8C9F-F9E5EDCB5C0B}.Release|Any CPU.Build.0 = Release|Any CPU
	EndGlobalSection
	GlobalSection(SolutionProperties) = preSolution
		HideSolutionNode = FALSE
	EndGlobalSection
	GlobalSection(ExtensibilityGlobals) = postSolution
		SolutionGuid = {9DDDAC51-6D02-4A58-AA16-5DF67E040353}
	EndGlobalSection
EndGlobal
